Microsoft Visual Studio Solution File, Format Version 12.00
# Visual Studio Version 17
VisualStudioVersion = 17.5.2.0
MinimumVisualStudioVersion = 10.0.40219.1
Project("{FAE04EC0-301F-11D3-BF4B-00C04F79EFBC}") = "Issues", "Issues.csproj", "{D851C148-ADFA-9A4A-2452-1CE190E6B65C}"
EndProject
Global
	GlobalSection(SolutionConfigurationPlatforms) = preSolution
		Debug|Any CPU = Debug|Any CPU
		Release|Any CPU = Release|Any CPU
	EndGlobalSection
	GlobalSection(ProjectConfigurationPlatforms) = postSolution
		{D851C148-ADFA-9A4A-2452-1CE190E6B65C}.Debug|Any CPU.ActiveCfg = Debug|Any CPU
		{D851C148-ADFA-9A4A-2452-1CE190E6B65C}.Debug|Any CPU.Build.0 = Debug|Any CPU
		{D851C148-ADFA-9A4A-2452-1CE190E6B65C}.Release|Any CPU.ActiveCfg = Release|Any CPU
		{D851C148-ADFA-9A4A-2452-1CE190E6B65C}.Release|Any CPU.Build.0 = Release|Any CPU
	EndGlobalSection
	GlobalSection(SolutionProperties) = preSolution
		HideSolutionNode = FALSE
	EndGlobalSection
	GlobalSection(ExtensibilityGlobals) = postSolution
		SolutionGuid = {AFC739C7-84F0-4A7E-B15F-D82B5C849D5B}
	EndGlobalSection
EndGlobal
